
Microsoft Visual Studio Solution File, Format Version 12.00
# Visual Studio 2013
VisualStudioVersion = 12.0.21005.1
MinimumVisualStudioVersion = 10.0.40219.1
Project("{FAE04EC0-301F-11D3-BF4B-00C04F79EFBC}") = "BIDV.Model", "BIDV.Model\BIDV.Model.csproj", "{81CB3685-97DC-457A-A07F-494D72E6B28F}"
EndProject
Project("{FAE04EC0-301F-11D3-BF4B-00C04F79EFBC}") = "BIDV.Repository", "BIDV.Repository\BIDV.Repository.csproj", "{FA3A289F-1FD8-44D8-B2D3-72DC113AB358}"
EndProject
Project("{FAE04EC0-301F-11D3-BF4B-00C04F79EFBC}") = "BIDV", "BIDV\BIDV.csproj", "{61D0AA4D-03A1-47BC-A67D-3F9D7FAA3387}"
EndProject
Project("{FAE04EC0-301F-11D3-BF4B-00C04F79EFBC}") = "BIDV.Common", "BIDV.Common\BIDV.Common.csproj", "{40801A54-855A-49DE-B46B-6A2D6B8735E5}"
EndProject
Global
	GlobalSection(TeamFoundationVersionControl) = preSolution
		SccNumberOfProjects = 5
		SccEnterpriseProvider = {4CA58AB2-18FA-4F8D-95D4-32DDF27D184C}
		SccTeamFoundationServer = http://egov:8080/tfs/defaultcollection
		SccLocalPath0 = .
		SccProjectUniqueName1 = BIDV.Common\\BIDV.Common.csproj
		SccProjectName1 = BIDV.Common
		SccLocalPath1 = BIDV.Common
		SccProjectUniqueName2 = BIDV.Model\\BIDV.Model.csproj
		SccProjectName2 = BIDV.Model
		SccLocalPath2 = BIDV.Model
		SccProjectUniqueName3 = BIDV.Repository\\BIDV.Repository.csproj
		SccProjectName3 = BIDV.Repository
		SccLocalPath3 = BIDV.Repository
		SccProjectUniqueName4 = BIDV\\BIDV.csproj
		SccProjectName4 = BIDV
		SccLocalPath4 = BIDV
	EndGlobalSection
	GlobalSection(SolutionConfigurationPlatforms) = preSolution
		Debug|Any CPU = Debug|Any CPU
		Release|Any CPU = Release|Any CPU
	EndGlobalSection
	GlobalSection(ProjectConfigurationPlatforms) = postSolution
		{81CB3685-97DC-457A-A07F-494D72E6B28F}.Debug|Any CPU.ActiveCfg = Debug|Any CPU
		{81CB3685-97DC-457A-A07F-494D72E6B28F}.Debug|Any CPU.Build.0 = Debug|Any CPU
		{81CB3685-97DC-457A-A07F-494D72E6B28F}.Release|Any CPU.ActiveCfg = Release|Any CPU
		{81CB3685-97DC-457A-A07F-494D72E6B28F}.Release|Any CPU.Build.0 = Release|Any CPU
		{FA3A289F-1FD8-44D8-B2D3-72DC113AB358}.Debug|Any CPU.ActiveCfg = Debug|Any CPU
		{FA3A289F-1FD8-44D8-B2D3-72DC113AB358}.Debug|Any CPU.Build.0 = Debug|Any CPU
		{FA3A289F-1FD8-44D8-B2D3-72DC113AB358}.Release|Any CPU.ActiveCfg = Release|Any CPU
		{FA3A289F-1FD8-44D8-B2D3-72DC113AB358}.Release|Any CPU.Build.0 = Release|Any CPU
		{61D0AA4D-03A1-47BC-A67D-3F9D7FAA3387}.Debug|Any CPU.ActiveCfg = Debug|Any CPU
		{61D0AA4D-03A1-47BC-A67D-3F9D7FAA3387}.Debug|Any CPU.Build.0 = Debug|Any CPU
		{61D0AA4D-03A1-47BC-A67D-3F9D7FAA3387}.Release|Any CPU.ActiveCfg = Release|Any CPU
		{61D0AA4D-03A1-47BC-A67D-3F9D7FAA3387}.Release|Any CPU.Build.0 = Release|Any CPU
		{40801A54-855A-49DE-B46B-6A2D6B8735E5}.Debug|Any CPU.ActiveCfg = Debug|Any CPU
		{40801A54-855A-49DE-B46B-6A2D6B8735E5}.Debug|Any CPU.Build.0 = Debug|Any CPU
		{40801A54-855A-49DE-B46B-6A2D6B8735E5}.Release|Any CPU.ActiveCfg = Release|Any CPU
		{40801A54-855A-49DE-B46B-6A2D6B8735E5}.Release|Any CPU.Build.0 = Release|Any CPU
	EndGlobalSection
	GlobalSection(SolutionProperties) = preSolution
		HideSolutionNode = FALSE
	EndGlobalSection
EndGlobal
